
Microsoft Visual Studio Solution File, Format Version 12.00
# Visual Studio Version 17
VisualStudioVersion = 17.8.34330.188
MinimumVisualStudioVersion = 10.0.40219.1
Project("{FAE04EC0-301F-11D3-BF4B-00C04F79EFBC}") = "BusTravel.Web", "BusTravel.Web.csproj", "{5B1A66F6-E8AB-4457-BBD8-60A35CB7E13E}"
EndProject
Project("{FAE04EC0-301F-11D3-BF4B-00C04F79EFBC}") = "BusTravel.API", "..\BusTravel.API\BusTravel.API.csproj", "{C43FA8E8-544F-4EED-A443-8975CE1BBBCF}"
EndProject
Global
	GlobalSection(SolutionConfigurationPlatforms) = preSolution
		Debug|Any CPU = Debug|Any CPU
		Release|Any CPU = Release|Any CPU
	EndGlobalSection
	GlobalSection(ProjectConfigurationPlatforms) = postSolution
		{5B1A66F6-E8AB-4457-BBD8-60A35CB7E13E}.Debug|Any CPU.ActiveCfg = Debug|Any CPU
		{5B1A66F6-E8AB-4457-BBD8-60A35CB7E13E}.Debug|Any CPU.Build.0 = Debug|Any CPU
		{5B1A66F6-E8AB-4457-BBD8-60A35CB7E13E}.Release|Any CPU.ActiveCfg = Release|Any CPU
		{5B1A66F6-E8AB-4457-BBD8-60A35CB7E13E}.Release|Any CPU.Build.0 = Release|Any CPU
		{C43FA8E8-544F-4EED-A443-8975CE1BBBCF}.Debug|Any CPU.ActiveCfg = Debug|Any CPU
		{C43FA8E8-544F-4EED-A443-8975CE1BBBCF}.Debug|Any CPU.Build.0 = Debug|Any CPU
		{C43FA8E8-544F-4EED-A443-8975CE1BBBCF}.Release|Any CPU.ActiveCfg = Release|Any CPU
		{C43FA8E8-544F-4EED-A443-8975CE1BBBCF}.Release|Any CPU.Build.0 = Release|Any CPU
	EndGlobalSection
	GlobalSection(SolutionProperties) = preSolution
		HideSolutionNode = FALSE
	EndGlobalSection
	GlobalSection(ExtensibilityGlobals) = postSolution
		SolutionGuid = {BB4321F3-FE15-46E4-8929-43D4D8AC9E49}
	EndGlobalSection
EndGlobal
